
Microsoft Visual Studio Solution File, Format Version 12.00
# Visual Studio Version 17
VisualStudioVersion = 17.0.31903.59
MinimumVisualStudioVersion = 10.0.40219.1
Project("{FAE04EC0-301F-11D3-BF4B-00C04F79EFBC}") = "CQRS.Core", "..\CQRS-ES\CQRS.Core\CQRS.Core.csproj", "{F7671356-A21E-405D-BC92-43B03B26BFC6}"
EndProject
Project("{2150E333-8FDC-42A3-9474-1A3956D46DE8}") = "Post.Cmd", "Post.Cmd", "{628A6728-8FD2-2F2B-CBE6-CFCE3CD15DEA}"
EndProject
Project("{FAE04EC0-301F-11D3-BF4B-00C04F79EFBC}") = "Post.Cmd.Api", "Post.Cmd\Post.Cmd.Api\Post.Cmd.Api.csproj", "{B1D7F9E5-FCDF-48E6-9E79-3283DAE66617}"
EndProject
Project("{FAE04EC0-301F-11D3-BF4B-00C04F79EFBC}") = "Post.Cmd.Domain", "Post.Cmd\Post.Cmd.Domain\Post.Cmd.Domain.csproj", "{543DBF80-FAB7-4535-AC45-EEFB07F680CA}"
EndProject
Project("{FAE04EC0-301F-11D3-BF4B-00C04F79EFBC}") = "Post.Cmd.Infrastructure", "Post.Cmd\Post.Cmd.Infrastructure\Post.Cmd.Infrastructure.csproj", "{6ADCA332-CA1B-4BF6-B903-ADB74F4751C5}"
EndProject
Project("{2150E333-8FDC-42A3-9474-1A3956D46DE8}") = "Post.Query", "Post.Query", "{0D502CB4-2678-4901-9B60-A74053C7BF91}"
EndProject
Project("{FAE04EC0-301F-11D3-BF4B-00C04F79EFBC}") = "Post.Query.Api", "Post.Query\Post.Query.Api\Post.Query.Api.csproj", "{14DACFF9-D400-4839-ADE9-58A56D1E5FC3}"
EndProject
Project("{FAE04EC0-301F-11D3-BF4B-00C04F79EFBC}") = "Post.Query.Domain", "Post.Query\Post.Query.Domain\Post.Query.Domain.csproj", "{48A8F9AD-E3A3-4C1B-952E-A28A6A33545C}"
EndProject
Project("{FAE04EC0-301F-11D3-BF4B-00C04F79EFBC}") = "Post.Query.Infrastructure", "Post.Query\Post.Query.Infrastructure\Post.Query.Infrastructure.csproj", "{1C2CA8C9-89EF-4C2C-BDC7-922D05D2C740}"
EndProject
Project("{FAE04EC0-301F-11D3-BF4B-00C04F79EFBC}") = "Post.Common", "Post.Common\Post.Common.csproj", "{45181037-C62C-481C-90C5-CA00E539F712}"
EndProject
Global
	GlobalSection(SolutionConfigurationPlatforms) = preSolution
		Debug|Any CPU = Debug|Any CPU
		Debug|x64 = Debug|x64
		Debug|x86 = Debug|x86
		Release|Any CPU = Release|Any CPU
		Release|x64 = Release|x64
		Release|x86 = Release|x86
	EndGlobalSection
	GlobalSection(ProjectConfigurationPlatforms) = postSolution
		{F7671356-A21E-405D-BC92-43B03B26BFC6}.Debug|Any CPU.ActiveCfg = Debug|Any CPU
		{F7671356-A21E-405D-BC92-43B03B26BFC6}.Debug|Any CPU.Build.0 = Debug|Any CPU
		{F7671356-A21E-405D-BC92-43B03B26BFC6}.Debug|x64.ActiveCfg = Debug|Any CPU
		{F7671356-A21E-405D-BC92-43B03B26BFC6}.Debug|x64.Build.0 = Debug|Any CPU
		{F7671356-A21E-405D-BC92-43B03B26BFC6}.Debug|x86.ActiveCfg = Debug|Any CPU
		{F7671356-A21E-405D-BC92-43B03B26BFC6}.Debug|x86.Build.0 = Debug|Any CPU
		{F7671356-A21E-405D-BC92-43B03B26BFC6}.Release|Any CPU.ActiveCfg = Release|Any CPU
		{F7671356-A21E-405D-BC92-43B03B26BFC6}.Release|Any CPU.Build.0 = Release|Any CPU
		{F7671356-A21E-405D-BC92-43B03B26BFC6}.Release|x64.ActiveCfg = Release|Any CPU
		{F7671356-A21E-405D-BC92-43B03B26BFC6}.Release|x64.Build.0 = Release|Any CPU
		{F7671356-A21E-405D-BC92-43B03B26BFC6}.Release|x86.ActiveCfg = Release|Any CPU
		{F7671356-A21E-405D-BC92-43B03B26BFC6}.Release|x86.Build.0 = Release|Any CPU
		{B1D7F9E5-FCDF-48E6-9E79-3283DAE66617}.Debug|Any CPU.ActiveCfg = Debug|Any CPU
		{B1D7F9E5-FCDF-48E6-9E79-3283DAE66617}.Debug|Any CPU.Build.0 = Debug|Any CPU
		{B1D7F9E5-FCDF-48E6-9E79-3283DAE66617}.Debug|x64.ActiveCfg = Debug|Any CPU
		{B1D7F9E5-FCDF-48E6-9E79-3283DAE66617}.Debug|x64.Build.0 = Debug|Any CPU
		{B1D7F9E5-FCDF-48E6-9E79-3283DAE66617}.Debug|x86.ActiveCfg = Debug|Any CPU
		{B1D7F9E5-FCDF-48E6-9E79-3283DAE66617}.Debug|x86.Build.0 = Debug|Any CPU
		{B1D7F9E5-FCDF-48E6-9E79-3283DAE66617}.Release|Any CPU.ActiveCfg = Release|Any CPU
		{B1D7F9E5-FCDF-48E6-9E79-3283DAE66617}.Release|Any CPU.Build.0 = Release|Any CPU
		{B1D7F9E5-FCDF-48E6-9E79-3283DAE66617}.Release|x64.ActiveCfg = Release|Any CPU
		{B1D7F9E5-FCDF-48E6-9E79-3283DAE66617}.Release|x64.Build.0 = Release|Any CPU
		{B1D7F9E5-FCDF-48E6-9E79-3283DAE66617}.Release|x86.ActiveCfg = Release|Any CPU
		{B1D7F9E5-FCDF-48E6-9E79-3283DAE66617}.Release|x86.Build.0 = Release|Any CPU
		{543DBF80-FAB7-4535-AC45-EEFB07F680CA}.Debug|Any CPU.ActiveCfg = Debug|Any CPU
		{543DBF80-FAB7-4535-AC45-EEFB07F680CA}.Debug|Any CPU.Build.0 = Debug|Any CPU
		{543DBF80-FAB7-4535-AC45-EEFB07F680CA}.Debug|x64.ActiveCfg = Debug|Any CPU
		{543DBF80-FAB7-4535-AC45-EEFB07F680CA}.Debug|x64.Build.0 = Debug|Any CPU
		{543DBF80-FAB7-4535-AC45-EEFB07F680CA}.Debug|x86.ActiveCfg = Debug|Any CPU
		{543DBF80-FAB7-4535-AC45-EEFB07F680CA}.Debug|x86.Build.0 = Debug|Any CPU
		{543DBF80-FAB7-4535-AC45-EEFB07F680CA}.Release|Any CPU.ActiveCfg = Release|Any CPU
		{543DBF80-FAB7-4535-AC45-EEFB07F680CA}.Release|Any CPU.Build.0 = Release|Any CPU
		{543DBF80-FAB7-4535-AC45-EEFB07F680CA}.Release|x64.ActiveCfg = Release|Any CPU
		{543DBF80-FAB7-4535-AC45-EEFB07F680CA}.Release|x64.Build.0 = Release|Any CPU
		{543DBF80-FAB7-4535-AC45-EEFB07F680CA}.Release|x86.ActiveCfg = Release|Any CPU
		{543DBF80-FAB7-4535-AC45-EEFB07F680CA}.Release|x86.Build.0 = Release|Any CPU
		{6ADCA332-CA1B-4BF6-B903-ADB74F4751C5}.Debug|Any CPU.ActiveCfg = Debug|Any CPU
		{6ADCA332-CA1B-4BF6-B903-ADB74F4751C5}.Debug|Any CPU.Build.0 = Debug|Any CPU
		{6ADCA332-CA1B-4BF6-B903-ADB74F4751C5}.Debug|x64.ActiveCfg = Debug|Any CPU
		{6ADCA332-CA1B-4BF6-B903-ADB74F4751C5}.Debug|x64.Build.0 = Debug|Any CPU
		{6ADCA332-CA1B-4BF6-B903-ADB74F4751C5}.Debug|x86.ActiveCfg = Debug|Any CPU
		{6ADCA332-CA1B-4BF6-B903-ADB74F4751C5}.Debug|x86.Build.0 = Debug|Any CPU
		{6ADCA332-CA1B-4BF6-B903-ADB74F4751C5}.Release|Any CPU.ActiveCfg = Release|Any CPU
		{6ADCA332-CA1B-4BF6-B903-ADB74F4751C5}.Release|Any CPU.Build.0 = Release|Any CPU
		{6ADCA332-CA1B-4BF6-B903-ADB74F4751C5}.Release|x64.ActiveCfg = Release|Any CPU
		{6ADCA332-CA1B-4BF6-B903-ADB74F4751C5}.Release|x64.Build.0 = Release|Any CPU
		{6ADCA332-CA1B-4BF6-B903-ADB74F4751C5}.Release|x86.ActiveCfg = Release|Any CPU
		{6ADCA332-CA1B-4BF6-B903-ADB74F4751C5}.Release|x86.Build.0 = Release|Any CPU
		{14DACFF9-D400-4839-ADE9-58A56D1E5FC3}.Debug|Any CPU.ActiveCfg = Debug|Any CPU
		{14DACFF9-D400-4839-ADE9-58A56D1E5FC3}.Debug|Any CPU.Build.0 = Debug|Any CPU
		{14DACFF9-D400-4839-ADE9-58A56D1E5FC3}.Debug|x64.ActiveCfg = Debug|Any CPU
		{14DACFF9-D400-4839-ADE9-58A56D1E5FC3}.Debug|x64.Build.0 = Debug|Any CPU
		{14DACFF9-D400-4839-ADE9-58A56D1E5FC3}.Debug|x86.ActiveCfg = Debug|Any CPU
		{14DACFF9-D400-4839-ADE9-58A56D1E5FC3}.Debug|x86.Build.0 = Debug|Any CPU
		{14DACFF9-D400-4839-ADE9-58A56D1E5FC3}.Release|Any CPU.ActiveCfg = Release|Any CPU
		{14DACFF9-D400-4839-ADE9-58A56D1E5FC3}.Release|Any CPU.Build.0 = Release|Any CPU
		{14DACFF9-D400-4839-ADE9-58A56D1E5FC3}.Release|x64.ActiveCfg = Release|Any CPU
		{14DACFF9-D400-4839-ADE9-58A56D1E5FC3}.Release|x64.Build.0 = Release|Any CPU
		{14DACFF9-D400-4839-ADE9-58A56D1E5FC3}.Release|x86.ActiveCfg = Release|Any CPU
		{14DACFF9-D400-4839-ADE9-58A56D1E5FC3}.Release|x86.Build.0 = Release|Any CPU
		{48A8F9AD-E3A3-4C1B-952E-A28A6A33545C}.Debug|Any CPU.ActiveCfg = Debug|Any CPU
		{48A8F9AD-E3A3-4C1B-952E-A28A6A33545C}.Debug|Any CPU.Build.0 = Debug|Any CPU
		{48A8F9AD-E3A3-4C1B-952E-A28A6A33545C}.Debug|x64.ActiveCfg = Debug|Any CPU
		{48A8F9AD-E3A3-4C1B-952E-A28A6A33545C}.Debug|x64.Build.0 = Debug|Any CPU
		{48A8F9AD-E3A3-4C1B-952E-A28A6A33545C}.Debug|x86.ActiveCfg = Debug|Any CPU
		{48A8F9AD-E3A3-4C1B-952E-A28A6A33545C}.Debug|x86.Build.0 = Debug|Any CPU
		{48A8F9AD-E3A3-4C1B-952E-A28A6A33545C}.Release|Any CPU.ActiveCfg = Release|Any CPU
		{48A8F9AD-E3A3-4C1B-952E-A28A6A33545C}.Release|Any CPU.Build.0 = Release|Any CPU
		{48A8F9AD-E3A3-4C1B-952E-A28A6A33545C}.Release|x64.ActiveCfg = Release|Any CPU
		{48A8F9AD-E3A3-4C1B-952E-A28A6A33545C}.Release|x64.Build.0 = Release|Any CPU
		{48A8F9AD-E3A3-4C1B-952E-A28A6A33545C}.Release|x86.ActiveCfg = Release|Any CPU
		{48A8F9AD-E3A3-4C1B-952E-A28A6A33545C}.Release|x86.Build.0 = Release|Any CPU
		{1C2CA8C9-89EF-4C2C-BDC7-922D05D2C740}.Debug|Any CPU.ActiveCfg = Debug|Any CPU
		{1C2CA8C9-89EF-4C2C-BDC7-922D05D2C740}.Debug|Any CPU.Build.0 = Debug|Any CPU
		{1C2CA8C9-89EF-4C2C-BDC7-922D05D2C740}.Debug|x64.ActiveCfg = Debug|Any CPU
		{1C2CA8C9-89EF-4C2C-BDC7-922D05D2C740}.Debug|x64.Build.0 = Debug|Any CPU
		{1C2CA8C9-89EF-4C2C-BDC7-922D05D2C740}.Debug|x86.ActiveCfg = Debug|Any CPU
		{1C2CA8C9-89EF-4C2C-BDC7-922D05D2C740}.Debug|x86.Build.0 = Debug|Any CPU
		{1C2CA8C9-89EF-4C2C-BDC7-922D05D2C740}.Release|Any CPU.ActiveCfg = Release|Any CPU
		{1C2CA8C9-89EF-4C2C-BDC7-922D05D2C740}.Release|Any CPU.Build.0 = Release|Any CPU
		{1C2CA8C9-89EF-4C2C-BDC7-922D05D2C740}.Release|x64.ActiveCfg = Release|Any CPU
		{1C2CA8C9-89EF-4C2C-BDC7-922D05D2C740}.Release|x64.Build.0 = Release|Any CPU
		{1C2CA8C9-89EF-4C2C-BDC7-922D05D2C740}.Release|x86.ActiveCfg = Release|Any CPU
		{1C2CA8C9-89EF-4C2C-BDC7-922D05D2C740}.Release|x86.Build.0 = Release|Any CPU
		{45181037-C62C-481C-90C5-CA00E539F712}.Debug|Any CPU.ActiveCfg = Debug|Any CPU
		{45181037-C62C-481C-90C5-CA00E539F712}.Debug|Any CPU.Build.0 = Debug|Any CPU
		{45181037-C62C-481C-90C5-CA00E539F712}.Debug|x64.ActiveCfg = Debug|Any CPU
		{45181037-C62C-481C-90C5-CA00E539F712}.Debug|x64.Build.0 = Debug|Any CPU
		{45181037-C62C-481C-90C5-CA00E539F712}.Debug|x86.ActiveCfg = Debug|Any CPU
		{45181037-C62C-481C-90C5-CA00E539F712}.Debug|x86.Build.0 = Debug|Any CPU
		{45181037-C62C-481C-90C5-CA00E539F712}.Release|Any CPU.ActiveCfg = Release|Any CPU
		{45181037-C62C-481C-90C5-CA00E539F712}.Release|Any CPU.Build.0 = Release|Any CPU
		{45181037-C62C-481C-90C5-CA00E539F712}.Release|x64.ActiveCfg = Release|Any CPU
		{45181037-C62C-481C-90C5-CA00E539F712}.Release|x64.Build.0 = Release|Any CPU
		{45181037-C62C-481C-90C5-CA00E539F712}.Release|x86.ActiveCfg = Release|Any CPU
		{45181037-C62C-481C-90C5-CA00E539F712}.Release|x86.Build.0 = Release|Any CPU
	EndGlobalSection
	GlobalSection(SolutionProperties) = preSolution
		HideSolutionNode = FALSE
	EndGlobalSection
	GlobalSection(NestedProjects) = preSolution
		{B1D7F9E5-FCDF-48E6-9E79-3283DAE66617} = {628A6728-8FD2-2F2B-CBE6-CFCE3CD15DEA}
		{543DBF80-FAB7-4535-AC45-EEFB07F680CA} = {628A6728-8FD2-2F2B-CBE6-CFCE3CD15DEA}
		{6ADCA332-CA1B-4BF6-B903-ADB74F4751C5} = {628A6728-8FD2-2F2B-CBE6-CFCE3CD15DEA}
		{14DACFF9-D400-4839-ADE9-58A56D1E5FC3} = {0D502CB4-2678-4901-9B60-A74053C7BF91}
		{48A8F9AD-E3A3-4C1B-952E-A28A6A33545C} = {0D502CB4-2678-4901-9B60-A74053C7BF91}
		{1C2CA8C9-89EF-4C2C-BDC7-922D05D2C740} = {0D502CB4-2678-4901-9B60-A74053C7BF91}
	EndGlobalSection
EndGlobal
